
Microsoft Visual Studio Solution File, Format Version 12.00
# Visual Studio Version 17
VisualStudioVersion = 17.0.31903.59
MinimumVisualStudioVersion = 10.0.40219.1
Project("{2150E333-8FDC-42A3-9474-1A3956D46DE8}") = "src", "src", "{827E0CD3-B72D-47B6-A68D-7590B98EB39B}"
EndProject
Project("{FAE04EC0-301F-11D3-BF4B-00C04F79EFBC}") = "EasyAppDev.Blazor.Icons", "src\EasyAppDev.Blazor.Icons\EasyAppDev.Blazor.Icons.csproj", "{8DDC8FA4-219E-4EF1-9198-CB4752E4CC2A}"
EndProject
Project("{FAE04EC0-301F-11D3-BF4B-00C04F79EFBC}") = "EasyAppDev.Blazor.Icons.Lucide", "src\EasyAppDev.Blazor.Icons.Lucide\EasyAppDev.Blazor.Icons.Lucide.csproj", "{A1B2C3D4-E5F6-47A8-9B0C-1D2E3F4A5B6C}"
EndProject
Project("{FAE04EC0-301F-11D3-BF4B-00C04F79EFBC}") = "EasyAppDev.Blazor.Icons.Bootstrap", "src\EasyAppDev.Blazor.Icons.Bootstrap\EasyAppDev.Blazor.Icons.Bootstrap.csproj", "{B2C3D4E5-F6A7-48B9-AC1D-2E3F4A5B6C7D}"
EndProject
Project("{FAE04EC0-301F-11D3-BF4B-00C04F79EFBC}") = "EasyAppDev.Blazor.Icons.MaterialDesign", "src\EasyAppDev.Blazor.Icons.MaterialDesign\EasyAppDev.Blazor.Icons.MaterialDesign.csproj", "{C3D4E5F6-A7B8-49CA-BD2E-3F4A5B6C7D8E}"
EndProject
Project("{FAE04EC0-301F-11D3-BF4B-00C04F79EFBC}") = "EasyAppDev.Blazor.Icons.FontAwesome5", "src\EasyAppDev.Blazor.Icons.FontAwesome5\EasyAppDev.Blazor.Icons.FontAwesome5.csproj", "{D4E5F6A7-B8C9-4ADB-CE3F-4A5B6C7D8E9F}"
EndProject
Project("{FAE04EC0-301F-11D3-BF4B-00C04F79EFBC}") = "EasyAppDev.Blazor.Icons.FontAwesome6", "src\EasyAppDev.Blazor.Icons.FontAwesome6\EasyAppDev.Blazor.Icons.FontAwesome6.csproj", "{E5F6A7B8-C9DA-4BEC-DF4A-5B6C7D8E9FA0}"
EndProject
Project("{FAE04EC0-301F-11D3-BF4B-00C04F79EFBC}") = "EasyAppDev.Blazor.Icons.Sample", "samples\EasyAppDev.Blazor.Icons.Sample\EasyAppDev.Blazor.Icons.Sample\EasyAppDev.Blazor.Icons.Sample.csproj", "{177A096F-1CEF-495E-80AA-281F868E9845}"
EndProject
Project("{FAE04EC0-301F-11D3-BF4B-00C04F79EFBC}") = "EasyAppDev.Blazor.Icons.Sample.Client", "samples\EasyAppDev.Blazor.Icons.Sample\EasyAppDev.Blazor.Icons.Sample.Client\EasyAppDev.Blazor.Icons.Sample.Client.csproj", "{6DE2BB13-4DEC-474F-8553-E187DB025C17}"
EndProject
Project("{FAE04EC0-301F-11D3-BF4B-00C04F79EFBC}") = "EasyAppDev.Blazor.Icons.FluentUI", "src\EasyAppDev.Blazor.Icons.FluentUI\EasyAppDev.Blazor.Icons.FluentUI.csproj", "{9594E8DE-E069-4A40-A343-38BAFEFE3868}"
EndProject
Global
	GlobalSection(SolutionConfigurationPlatforms) = preSolution
		Debug|Any CPU = Debug|Any CPU
		Debug|x64 = Debug|x64
		Debug|x86 = Debug|x86
		Release|Any CPU = Release|Any CPU
		Release|x64 = Release|x64
		Release|x86 = Release|x86
	EndGlobalSection
	GlobalSection(ProjectConfigurationPlatforms) = postSolution
		{8DDC8FA4-219E-4EF1-9198-CB4752E4CC2A}.Debug|Any CPU.ActiveCfg = Debug|Any CPU
		{8DDC8FA4-219E-4EF1-9198-CB4752E4CC2A}.Debug|Any CPU.Build.0 = Debug|Any CPU
		{8DDC8FA4-219E-4EF1-9198-CB4752E4CC2A}.Debug|x64.ActiveCfg = Debug|Any CPU
		{8DDC8FA4-219E-4EF1-9198-CB4752E4CC2A}.Debug|x64.Build.0 = Debug|Any CPU
		{8DDC8FA4-219E-4EF1-9198-CB4752E4CC2A}.Debug|x86.ActiveCfg = Debug|Any CPU
		{8DDC8FA4-219E-4EF1-9198-CB4752E4CC2A}.Debug|x86.Build.0 = Debug|Any CPU
		{8DDC8FA4-219E-4EF1-9198-CB4752E4CC2A}.Release|Any CPU.ActiveCfg = Release|Any CPU
		{8DDC8FA4-219E-4EF1-9198-CB4752E4CC2A}.Release|Any CPU.Build.0 = Release|Any CPU
		{8DDC8FA4-219E-4EF1-9198-CB4752E4CC2A}.Release|x64.ActiveCfg = Release|Any CPU
		{8DDC8FA4-219E-4EF1-9198-CB4752E4CC2A}.Release|x64.Build.0 = Release|Any CPU
		{8DDC8FA4-219E-4EF1-9198-CB4752E4CC2A}.Release|x86.ActiveCfg = Release|Any CPU
		{8DDC8FA4-219E-4EF1-9198-CB4752E4CC2A}.Release|x86.Build.0 = Release|Any CPU
		{A1B2C3D4-E5F6-47A8-9B0C-1D2E3F4A5B6C}.Debug|Any CPU.ActiveCfg = Debug|Any CPU
		{A1B2C3D4-E5F6-47A8-9B0C-1D2E3F4A5B6C}.Debug|Any CPU.Build.0 = Debug|Any CPU
		{A1B2C3D4-E5F6-47A8-9B0C-1D2E3F4A5B6C}.Debug|x64.ActiveCfg = Debug|Any CPU
		{A1B2C3D4-E5F6-47A8-9B0C-1D2E3F4A5B6C}.Debug|x64.Build.0 = Debug|Any CPU
		{A1B2C3D4-E5F6-47A8-9B0C-1D2E3F4A5B6C}.Debug|x86.ActiveCfg = Debug|Any CPU
		{A1B2C3D4-E5F6-47A8-9B0C-1D2E3F4A5B6C}.Debug|x86.Build.0 = Debug|Any CPU
		{A1B2C3D4-E5F6-47A8-9B0C-1D2E3F4A5B6C}.Release|Any CPU.ActiveCfg = Release|Any CPU
		{A1B2C3D4-E5F6-47A8-9B0C-1D2E3F4A5B6C}.Release|Any CPU.Build.0 = Release|Any CPU
		{A1B2C3D4-E5F6-47A8-9B0C-1D2E3F4A5B6C}.Release|x64.ActiveCfg = Release|Any CPU
		{A1B2C3D4-E5F6-47A8-9B0C-1D2E3F4A5B6C}.Release|x64.Build.0 = Release|Any CPU
		{A1B2C3D4-E5F6-47A8-9B0C-1D2E3F4A5B6C}.Release|x86.ActiveCfg = Release|Any CPU
		{A1B2C3D4-E5F6-47A8-9B0C-1D2E3F4A5B6C}.Release|x86.Build.0 = Release|Any CPU
		{B2C3D4E5-F6A7-48B9-AC1D-2E3F4A5B6C7D}.Debug|Any CPU.ActiveCfg = Debug|Any CPU
		{B2C3D4E5-F6A7-48B9-AC1D-2E3F4A5B6C7D}.Debug|Any CPU.Build.0 = Debug|Any CPU
		{B2C3D4E5-F6A7-48B9-AC1D-2E3F4A5B6C7D}.Debug|x64.ActiveCfg = Debug|Any CPU
		{B2C3D4E5-F6A7-48B9-AC1D-2E3F4A5B6C7D}.Debug|x64.Build.0 = Debug|Any CPU
		{B2C3D4E5-F6A7-48B9-AC1D-2E3F4A5B6C7D}.Debug|x86.ActiveCfg = Debug|Any CPU
		{B2C3D4E5-F6A7-48B9-AC1D-2E3F4A5B6C7D}.Debug|x86.Build.0 = Debug|Any CPU
		{B2C3D4E5-F6A7-48B9-AC1D-2E3F4A5B6C7D}.Release|Any CPU.ActiveCfg = Release|Any CPU
		{B2C3D4E5-F6A7-48B9-AC1D-2E3F4A5B6C7D}.Release|Any CPU.Build.0 = Release|Any CPU
		{B2C3D4E5-F6A7-48B9-AC1D-2E3F4A5B6C7D}.Release|x64.ActiveCfg = Release|Any CPU
		{B2C3D4E5-F6A7-48B9-AC1D-2E3F4A5B6C7D}.Release|x64.Build.0 = Release|Any CPU
		{B2C3D4E5-F6A7-48B9-AC1D-2E3F4A5B6C7D}.Release|x86.ActiveCfg = Release|Any CPU
		{B2C3D4E5-F6A7-48B9-AC1D-2E3F4A5B6C7D}.Release|x86.Build.0 = Release|Any CPU
		{C3D4E5F6-A7B8-49CA-BD2E-3F4A5B6C7D8E}.Debug|Any CPU.ActiveCfg = Debug|Any CPU
		{C3D4E5F6-A7B8-49CA-BD2E-3F4A5B6C7D8E}.Debug|Any CPU.Build.0 = Debug|Any CPU
		{C3D4E5F6-A7B8-49CA-BD2E-3F4A5B6C7D8E}.Debug|x64.ActiveCfg = Debug|Any CPU
		{C3D4E5F6-A7B8-49CA-BD2E-3F4A5B6C7D8E}.Debug|x64.Build.0 = Debug|Any CPU
		{C3D4E5F6-A7B8-49CA-BD2E-3F4A5B6C7D8E}.Debug|x86.ActiveCfg = Debug|Any CPU
		{C3D4E5F6-A7B8-49CA-BD2E-3F4A5B6C7D8E}.Debug|x86.Build.0 = Debug|Any CPU
		{C3D4E5F6-A7B8-49CA-BD2E-3F4A5B6C7D8E}.Release|Any CPU.ActiveCfg = Release|Any CPU
		{C3D4E5F6-A7B8-49CA-BD2E-3F4A5B6C7D8E}.Release|Any CPU.Build.0 = Release|Any CPU
		{C3D4E5F6-A7B8-49CA-BD2E-3F4A5B6C7D8E}.Release|x64.ActiveCfg = Release|Any CPU
		{C3D4E5F6-A7B8-49CA-BD2E-3F4A5B6C7D8E}.Release|x64.Build.0 = Release|Any CPU
		{C3D4E5F6-A7B8-49CA-BD2E-3F4A5B6C7D8E}.Release|x86.ActiveCfg = Release|Any CPU
		{C3D4E5F6-A7B8-49CA-BD2E-3F4A5B6C7D8E}.Release|x86.Build.0 = Release|Any CPU
		{D4E5F6A7-B8C9-4ADB-CE3F-4A5B6C7D8E9F}.Debug|Any CPU.ActiveCfg = Debug|Any CPU
		{D4E5F6A7-B8C9-4ADB-CE3F-4A5B6C7D8E9F}.Debug|Any CPU.Build.0 = Debug|Any CPU
		{D4E5F6A7-B8C9-4ADB-CE3F-4A5B6C7D8E9F}.Debug|x64.ActiveCfg = Debug|Any CPU
		{D4E5F6A7-B8C9-4ADB-CE3F-4A5B6C7D8E9F}.Debug|x64.Build.0 = Debug|Any CPU
		{D4E5F6A7-B8C9-4ADB-CE3F-4A5B6C7D8E9F}.Debug|x86.ActiveCfg = Debug|Any CPU
		{D4E5F6A7-B8C9-4ADB-CE3F-4A5B6C7D8E9F}.Debug|x86.Build.0 = Debug|Any CPU
		{D4E5F6A7-B8C9-4ADB-CE3F-4A5B6C7D8E9F}.Release|Any CPU.ActiveCfg = Release|Any CPU
		{D4E5F6A7-B8C9-4ADB-CE3F-4A5B6C7D8E9F}.Release|Any CPU.Build.0 = Release|Any CPU
		{D4E5F6A7-B8C9-4ADB-CE3F-4A5B6C7D8E9F}.Release|x64.ActiveCfg = Release|Any CPU
		{D4E5F6A7-B8C9-4ADB-CE3F-4A5B6C7D8E9F}.Release|x64.Build.0 = Release|Any CPU
		{D4E5F6A7-B8C9-4ADB-CE3F-4A5B6C7D8E9F}.Release|x86.ActiveCfg = Release|Any CPU
		{D4E5F6A7-B8C9-4ADB-CE3F-4A5B6C7D8E9F}.Release|x86.Build.0 = Release|Any CPU
		{E5F6A7B8-C9DA-4BEC-DF4A-5B6C7D8E9FA0}.Debug|Any CPU.ActiveCfg = Debug|Any CPU
		{E5F6A7B8-C9DA-4BEC-DF4A-5B6C7D8E9FA0}.Debug|Any CPU.Build.0 = Debug|Any CPU
		{E5F6A7B8-C9DA-4BEC-DF4A-5B6C7D8E9FA0}.Debug|x64.ActiveCfg = Debug|Any CPU
		{E5F6A7B8-C9DA-4BEC-DF4A-5B6C7D8E9FA0}.Debug|x64.Build.0 = Debug|Any CPU
		{E5F6A7B8-C9DA-4BEC-DF4A-5B6C7D8E9FA0}.Debug|x86.ActiveCfg = Debug|Any CPU
		{E5F6A7B8-C9DA-4BEC-DF4A-5B6C7D8E9FA0}.Debug|x86.Build.0 = Debug|Any CPU
		{E5F6A7B8-C9DA-4BEC-DF4A-5B6C7D8E9FA0}.Release|Any CPU.ActiveCfg = Release|Any CPU
		{E5F6A7B8-C9DA-4BEC-DF4A-5B6C7D8E9FA0}.Release|Any CPU.Build.0 = Release|Any CPU
		{E5F6A7B8-C9DA-4BEC-DF4A-5B6C7D8E9FA0}.Release|x64.ActiveCfg = Release|Any CPU
		{E5F6A7B8-C9DA-4BEC-DF4A-5B6C7D8E9FA0}.Release|x64.Build.0 = Release|Any CPU
		{E5F6A7B8-C9DA-4BEC-DF4A-5B6C7D8E9FA0}.Release|x86.ActiveCfg = Release|Any CPU
		{E5F6A7B8-C9DA-4BEC-DF4A-5B6C7D8E9FA0}.Release|x86.Build.0 = Release|Any CPU
		{177A096F-1CEF-495E-80AA-281F868E9845}.Debug|Any CPU.ActiveCfg = Debug|Any CPU
		{177A096F-1CEF-495E-80AA-281F868E9845}.Debug|Any CPU.Build.0 = Debug|Any CPU
		{177A096F-1CEF-495E-80AA-281F868E9845}.Debug|x64.ActiveCfg = Debug|Any CPU
		{177A096F-1CEF-495E-80AA-281F868E9845}.Debug|x64.Build.0 = Debug|Any CPU
		{177A096F-1CEF-495E-80AA-281F868E9845}.Debug|x86.ActiveCfg = Debug|Any CPU
		{177A096F-1CEF-495E-80AA-281F868E9845}.Debug|x86.Build.0 = Debug|Any CPU
		{177A096F-1CEF-495E-80AA-281F868E9845}.Release|Any CPU.ActiveCfg = Release|Any CPU
		{177A096F-1CEF-495E-80AA-281F868E9845}.Release|Any CPU.Build.0 = Release|Any CPU
		{177A096F-1CEF-495E-80AA-281F868E9845}.Release|x64.ActiveCfg = Release|Any CPU
		{177A096F-1CEF-495E-80AA-281F868E9845}.Release|x64.Build.0 = Release|Any CPU
		{177A096F-1CEF-495E-80AA-281F868E9845}.Release|x86.ActiveCfg = Release|Any CPU
		{177A096F-1CEF-495E-80AA-281F868E9845}.Release|x86.Build.0 = Release|Any CPU
		{6DE2BB13-4DEC-474F-8553-E187DB025C17}.Debug|Any CPU.ActiveCfg = Debug|Any CPU
		{6DE2BB13-4DEC-474F-8553-E187DB025C17}.Debug|Any CPU.Build.0 = Debug|Any CPU
		{6DE2BB13-4DEC-474F-8553-E187DB025C17}.Debug|x64.ActiveCfg = Debug|Any CPU
		{6DE2BB13-4DEC-474F-8553-E187DB025C17}.Debug|x64.Build.0 = Debug|Any CPU
		{6DE2BB13-4DEC-474F-8553-E187DB025C17}.Debug|x86.ActiveCfg = Debug|Any CPU
		{6DE2BB13-4DEC-474F-8553-E187DB025C17}.Debug|x86.Build.0 = Debug|Any CPU
		{6DE2BB13-4DEC-474F-8553-E187DB025C17}.Release|Any CPU.ActiveCfg = Release|Any CPU
		{6DE2BB13-4DEC-474F-8553-E187DB025C17}.Release|Any CPU.Build.0 = Release|Any CPU
		{6DE2BB13-4DEC-474F-8553-E187DB025C17}.Release|x64.ActiveCfg = Release|Any CPU
		{6DE2BB13-4DEC-474F-8553-E187DB025C17}.Release|x64.Build.0 = Release|Any CPU
		{6DE2BB13-4DEC-474F-8553-E187DB025C17}.Release|x86.ActiveCfg = Release|Any CPU
		{6DE2BB13-4DEC-474F-8553-E187DB025C17}.Release|x86.Build.0 = Release|Any CPU
		{9594E8DE-E069-4A40-A343-38BAFEFE3868}.Debug|Any CPU.ActiveCfg = Debug|Any CPU
		{9594E8DE-E069-4A40-A343-38BAFEFE3868}.Debug|Any CPU.Build.0 = Debug|Any CPU
		{9594E8DE-E069-4A40-A343-38BAFEFE3868}.Debug|x64.ActiveCfg = Debug|Any CPU
		{9594E8DE-E069-4A40-A343-38BAFEFE3868}.Debug|x64.Build.0 = Debug|Any CPU
		{9594E8DE-E069-4A40-A343-38BAFEFE3868}.Debug|x86.ActiveCfg = Debug|Any CPU
		{9594E8DE-E069-4A40-A343-38BAFEFE3868}.Debug|x86.Build.0 = Debug|Any CPU
		{9594E8DE-E069-4A40-A343-38BAFEFE3868}.Release|Any CPU.ActiveCfg = Release|Any CPU
		{9594E8DE-E069-4A40-A343-38BAFEFE3868}.Release|Any CPU.Build.0 = Release|Any CPU
		{9594E8DE-E069-4A40-A343-38BAFEFE3868}.Release|x64.ActiveCfg = Release|Any CPU
		{9594E8DE-E069-4A40-A343-38BAFEFE3868}.Release|x64.Build.0 = Release|Any CPU
		{9594E8DE-E069-4A40-A343-38BAFEFE3868}.Release|x86.ActiveCfg = Release|Any CPU
		{9594E8DE-E069-4A40-A343-38BAFEFE3868}.Release|x86.Build.0 = Release|Any CPU
	EndGlobalSection
	GlobalSection(SolutionProperties) = preSolution
		HideSolutionNode = FALSE
	EndGlobalSection
	GlobalSection(NestedProjects) = preSolution
		{8DDC8FA4-219E-4EF1-9198-CB4752E4CC2A} = {827E0CD3-B72D-47B6-A68D-7590B98EB39B}
		{A1B2C3D4-E5F6-47A8-9B0C-1D2E3F4A5B6C} = {827E0CD3-B72D-47B6-A68D-7590B98EB39B}
		{B2C3D4E5-F6A7-48B9-AC1D-2E3F4A5B6C7D} = {827E0CD3-B72D-47B6-A68D-7590B98EB39B}
		{C3D4E5F6-A7B8-49CA-BD2E-3F4A5B6C7D8E} = {827E0CD3-B72D-47B6-A68D-7590B98EB39B}
		{D4E5F6A7-B8C9-4ADB-CE3F-4A5B6C7D8E9F} = {827E0CD3-B72D-47B6-A68D-7590B98EB39B}
		{E5F6A7B8-C9DA-4BEC-DF4A-5B6C7D8E9FA0} = {827E0CD3-B72D-47B6-A68D-7590B98EB39B}
		{177A096F-1CEF-495E-80AA-281F868E9845} = {827E0CD3-B72D-47B6-A68D-7590B98EB39B}
		{6DE2BB13-4DEC-474F-8553-E187DB025C17} = {827E0CD3-B72D-47B6-A68D-7590B98EB39B}
		{9594E8DE-E069-4A40-A343-38BAFEFE3868} = {827E0CD3-B72D-47B6-A68D-7590B98EB39B}
	EndGlobalSection
EndGlobal
