Microsoft Visual Studio Solution File, Format Version 12.00
# Visual Studio Version 16
VisualStudioVersion = 16.0.0.0
MinimumVisualStudioVersion = 16.0.0.0
Project("{9A19103F-16F7-4668-BE54-9A1E7A4F7556}") = "EasyAppDev.Blazor.Icons.Sample", "EasyAppDev.Blazor.Icons.Sample\EasyAppDev.Blazor.Icons.Sample.csproj", "{7FE8BA8E-64A9-478E-8511-F16690544CA0}"
EndProject
Project("{9A19103F-16F7-4668-BE54-9A1E7A4F7556}") = "EasyAppDev.Blazor.Icons.Sample.Client", "EasyAppDev.Blazor.Icons.Sample.Client\EasyAppDev.Blazor.Icons.Sample.Client.csproj", "{2E3C9BDC-5CBF-4CEB-AA93-3F4BA2A1DDBA}"
EndProject
Global
	GlobalSection(SolutionConfigurationPlatforms) = preSolution
		Debug|Any CPU = Debug|Any CPU
		Debug|x64 = Debug|x64
		Debug|x86 = Debug|x86
		Release|Any CPU = Release|Any CPU
		Release|x64 = Release|x64
		Release|x86 = Release|x86
	EndGlobalSection
	GlobalSection(ProjectConfigurationPlatforms) = postSolution
		{2E3C9BDC-5CBF-4CEB-AA93-3F4BA2A1DDBA}.Debug|Any CPU.ActiveCfg = Debug|Any CPU
		{2E3C9BDC-5CBF-4CEB-AA93-3F4BA2A1DDBA}.Debug|Any CPU.Build.0 = Debug|Any CPU
		{2E3C9BDC-5CBF-4CEB-AA93-3F4BA2A1DDBA}.Debug|x64.ActiveCfg = Debug|Any CPU
		{2E3C9BDC-5CBF-4CEB-AA93-3F4BA2A1DDBA}.Debug|x64.Build.0 = Debug|Any CPU
		{2E3C9BDC-5CBF-4CEB-AA93-3F4BA2A1DDBA}.Debug|x86.ActiveCfg = Debug|Any CPU
		{2E3C9BDC-5CBF-4CEB-AA93-3F4BA2A1DDBA}.Debug|x86.Build.0 = Debug|Any CPU
		{2E3C9BDC-5CBF-4CEB-AA93-3F4BA2A1DDBA}.Release|Any CPU.ActiveCfg = Release|Any CPU
		{2E3C9BDC-5CBF-4CEB-AA93-3F4BA2A1DDBA}.Release|Any CPU.Build.0 = Release|Any CPU
		{2E3C9BDC-5CBF-4CEB-AA93-3F4BA2A1DDBA}.Release|x64.ActiveCfg = Release|Any CPU
		{2E3C9BDC-5CBF-4CEB-AA93-3F4BA2A1DDBA}.Release|x64.Build.0 = Release|Any CPU
		{2E3C9BDC-5CBF-4CEB-AA93-3F4BA2A1DDBA}.Release|x86.ActiveCfg = Release|Any CPU
		{2E3C9BDC-5CBF-4CEB-AA93-3F4BA2A1DDBA}.Release|x86.Build.0 = Release|Any CPU
		{7FE8BA8E-64A9-478E-8511-F16690544CA0}.Debug|Any CPU.ActiveCfg = Debug|Any CPU
		{7FE8BA8E-64A9-478E-8511-F16690544CA0}.Debug|Any CPU.Build.0 = Debug|Any CPU
		{7FE8BA8E-64A9-478E-8511-F16690544CA0}.Debug|x64.ActiveCfg = Debug|Any CPU
		{7FE8BA8E-64A9-478E-8511-F16690544CA0}.Debug|x64.Build.0 = Debug|Any CPU
		{7FE8BA8E-64A9-478E-8511-F16690544CA0}.Debug|x86.ActiveCfg = Debug|Any CPU
		{7FE8BA8E-64A9-478E-8511-F16690544CA0}.Debug|x86.Build.0 = Debug|Any CPU
		{7FE8BA8E-64A9-478E-8511-F16690544CA0}.Release|Any CPU.ActiveCfg = Release|Any CPU
		{7FE8BA8E-64A9-478E-8511-F16690544CA0}.Release|Any CPU.Build.0 = Release|Any CPU
		{7FE8BA8E-64A9-478E-8511-F16690544CA0}.Release|x64.ActiveCfg = Release|Any CPU
		{7FE8BA8E-64A9-478E-8511-F16690544CA0}.Release|x64.Build.0 = Release|Any CPU
		{7FE8BA8E-64A9-478E-8511-F16690544CA0}.Release|x86.ActiveCfg = Release|Any CPU
		{7FE8BA8E-64A9-478E-8511-F16690544CA0}.Release|x86.Build.0 = Release|Any CPU
	EndGlobalSection
	GlobalSection(SolutionProperties) = preSolution
		HideSolutionNode = FALSE
	EndGlobalSection
	GlobalSection(ExtensibilityGlobals) = postSolution
		SolutionGuid = {7100594E-A909-449B-9292-1A185D473C95}
	EndGlobalSection
EndGlobal
